
Microsoft Visual Studio Solution File, Format Version 12.00
# Visual Studio Version 17
VisualStudioVersion = 17.2.32630.192
MinimumVisualStudioVersion = 10.0.40219.1
Project("{FAE04EC0-301F-11D3-BF4B-00C04F79EFBC}") = "SpecFlowProject1", "SpecFlowProject1\SpecFlowProject1.csproj", "{5E8138EE-A357-4B0D-A09D-AA142626181A}"
EndProject
Global
	GlobalSection(SolutionConfigurationPlatforms) = preSolution
		Debug|Any CPU = Debug|Any CPU
		Release|Any CPU = Release|Any CPU
	EndGlobalSection
	GlobalSection(ProjectConfigurationPlatforms) = postSolution
		{5E8138EE-A357-4B0D-A09D-AA142626181A}.Debug|Any CPU.ActiveCfg = Debug|Any CPU
		{5E8138EE-A357-4B0D-A09D-AA142626181A}.Debug|Any CPU.Build.0 = Debug|Any CPU
		{5E8138EE-A357-4B0D-A09D-AA142626181A}.Release|Any CPU.ActiveCfg = Release|Any CPU
		{5E8138EE-A357-4B0D-A09D-AA142626181A}.Release|Any CPU.Build.0 = Release|Any CPU
	EndGlobalSection
	GlobalSection(SolutionProperties) = preSolution
		HideSolutionNode = FALSE
	EndGlobalSection
	GlobalSection(ExtensibilityGlobals) = postSolution
		SolutionGuid = {1B354263-E757-4445-9781-3144CE9F0F05}
	EndGlobalSection
EndGlobal
